
Microsoft Visual Studio Solution File, Format Version 12.00
# Visual Studio 15
VisualStudioVersion = 15.0.27703.2026
MinimumVisualStudioVersion = 10.0.40219.1
Project("{FAE04EC0-301F-11D3-BF4B-00C04F79EFBC}") = "CSharpToSql", "CSharpToSql\CSharpToSql.csproj", "{C11D0BF8-3AAA-4937-9E49-CA980CB7D834}"
EndProject
Global
	GlobalSection(SolutionConfigurationPlatforms) = preSolution
		Debug|Any CPU = Debug|Any CPU
		Release|Any CPU = Release|Any CPU
	EndGlobalSection
	GlobalSection(ProjectConfigurationPlatforms) = postSolution
		{C11D0BF8-3AAA-4937-9E49-CA980CB7D834}.Debug|Any CPU.ActiveCfg = Debug|Any CPU
		{C11D0BF8-3AAA-4937-9E49-CA980CB7D834}.Debug|Any CPU.Build.0 = Debug|Any CPU
		{C11D0BF8-3AAA-4937-9E49-CA980CB7D834}.Release|Any CPU.ActiveCfg = Release|Any CPU
		{C11D0BF8-3AAA-4937-9E49-CA980CB7D834}.Release|Any CPU.Build.0 = Release|Any CPU
	EndGlobalSection
	GlobalSection(SolutionProperties) = preSolution
		HideSolutionNode = FALSE
	EndGlobalSection
	GlobalSection(ExtensibilityGlobals) = postSolution
		SolutionGuid = {08061BF0-3B52-4A28-B1C3-C601642882B5}
	EndGlobalSection
EndGlobal
